
Microsoft Visual Studio Solution File, Format Version 12.00
# Visual Studio Version 16
VisualStudioVersion = 16.0.30128.36
MinimumVisualStudioVersion = 10.0.40219.1
Project("{9A19103F-16F7-4668-BE54-9A1E7A4F7556}") = "GoalTracker.Form", "GoalTracker.Form\GoalTracker.Form.csproj", "{D2892180-1049-4713-8064-E6F3BB459DFC}"
EndProject
Project("{9A19103F-16F7-4668-BE54-9A1E7A4F7556}") = "GoalTracker.Library", "GoalTracker.Library\GoalTracker.Library.csproj", "{FEA03233-AC37-43DA-B249-DB9677BDE134}"
EndProject
Project("{9A19103F-16F7-4668-BE54-9A1E7A4F7556}") = "GoalTracker.Console", "GoalTracker.Console\GoalTracker.Console.csproj", "{C483822A-FA57-44C8-9EC9-56601AAF9336}"
EndProject
Project("{9A19103F-16F7-4668-BE54-9A1E7A4F7556}") = "GoalTracker.LibraryNew", "GoalTracker.LibraryNew\GoalTracker.LibraryNew.csproj", "{E707C02D-F51A-4C5A-A980-0CBA3C994FC5}"
EndProject
Project("{FAE04EC0-301F-11D3-BF4B-00C04F79EFBC}") = "GoalTracker.Tests", "GoalTracker.Tests\GoalTracker.Tests.csproj", "{26626A4D-6CA7-4A49-A414-9DF9B5B2E1C5}"
EndProject
Global
	GlobalSection(SolutionConfigurationPlatforms) = preSolution
		Debug|Any CPU = Debug|Any CPU
		Release|Any CPU = Release|Any CPU
	EndGlobalSection
	GlobalSection(ProjectConfigurationPlatforms) = postSolution
		{D2892180-1049-4713-8064-E6F3BB459DFC}.Debug|Any CPU.ActiveCfg = Debug|Any CPU
		{D2892180-1049-4713-8064-E6F3BB459DFC}.Debug|Any CPU.Build.0 = Debug|Any CPU
		{D2892180-1049-4713-8064-E6F3BB459DFC}.Release|Any CPU.ActiveCfg = Release|Any CPU
		{D2892180-1049-4713-8064-E6F3BB459DFC}.Release|Any CPU.Build.0 = Release|Any CPU
		{FEA03233-AC37-43DA-B249-DB9677BDE134}.Debug|Any CPU.ActiveCfg = Debug|Any CPU
		{FEA03233-AC37-43DA-B249-DB9677BDE134}.Debug|Any CPU.Build.0 = Debug|Any CPU
		{FEA03233-AC37-43DA-B249-DB9677BDE134}.Release|Any CPU.ActiveCfg = Release|Any CPU
		{FEA03233-AC37-43DA-B249-DB9677BDE134}.Release|Any CPU.Build.0 = Release|Any CPU
		{C483822A-FA57-44C8-9EC9-56601AAF9336}.Debug|Any CPU.ActiveCfg = Debug|Any CPU
		{C483822A-FA57-44C8-9EC9-56601AAF9336}.Debug|Any CPU.Build.0 = Debug|Any CPU
		{C483822A-FA57-44C8-9EC9-56601AAF9336}.Release|Any CPU.ActiveCfg = Release|Any CPU
		{C483822A-FA57-44C8-9EC9-56601AAF9336}.Release|Any CPU.Build.0 = Release|Any CPU
		{E707C02D-F51A-4C5A-A980-0CBA3C994FC5}.Debug|Any CPU.ActiveCfg = Debug|Any CPU
		{E707C02D-F51A-4C5A-A980-0CBA3C994FC5}.Debug|Any CPU.Build.0 = Debug|Any CPU
		{E707C02D-F51A-4C5A-A980-0CBA3C994FC5}.Release|Any CPU.ActiveCfg = Release|Any CPU
		{E707C02D-F51A-4C5A-A980-0CBA3C994FC5}.Release|Any CPU.Build.0 = Release|Any CPU
		{26626A4D-6CA7-4A49-A414-9DF9B5B2E1C5}.Debug|Any CPU.ActiveCfg = Debug|Any CPU
		{26626A4D-6CA7-4A49-A414-9DF9B5B2E1C5}.Debug|Any CPU.Build.0 = Debug|Any CPU
		{26626A4D-6CA7-4A49-A414-9DF9B5B2E1C5}.Release|Any CPU.ActiveCfg = Release|Any CPU
		{26626A4D-6CA7-4A49-A414-9DF9B5B2E1C5}.Release|Any CPU.Build.0 = Release|Any CPU
	EndGlobalSection
	GlobalSection(SolutionProperties) = preSolution
		HideSolutionNode = FALSE
	EndGlobalSection
	GlobalSection(ExtensibilityGlobals) = postSolution
		SolutionGuid = {CCC910D2-004E-45AB-A675-240E766D624E}
	EndGlobalSection
EndGlobal
